
Microsoft Visual Studio Solution File, Format Version 12.00
# Visual Studio Version 17
VisualStudioVersion = 17.7.34031.279
MinimumVisualStudioVersion = 10.0.40219.1
Project("{FAE04EC0-301F-11D3-BF4B-00C04F79EFBC}") = "AvaloniaApplication", "AvaloniaApplication\AvaloniaApplication.csproj", "{6DFED821-F455-4A99-BDF1-D18F1D8B8CBF}"
EndProject
Global
	GlobalSection(SolutionConfigurationPlatforms) = preSolution
		Debug|Any CPU = Debug|Any CPU
		Release|Any CPU = Release|Any CPU
	EndGlobalSection
	GlobalSection(ProjectConfigurationPlatforms) = postSolution
		{6DFED821-F455-4A99-BDF1-D18F1D8B8CBF}.Debug|Any CPU.ActiveCfg = Debug|Any CPU
		{6DFED821-F455-4A99-BDF1-D18F1D8B8CBF}.Debug|Any CPU.Build.0 = Debug|Any CPU
		{6DFED821-F455-4A99-BDF1-D18F1D8B8CBF}.Release|Any CPU.ActiveCfg = Release|Any CPU
		{6DFED821-F455-4A99-BDF1-D18F1D8B8CBF}.Release|Any CPU.Build.0 = Release|Any CPU
	EndGlobalSection
	GlobalSection(SolutionProperties) = preSolution
		HideSolutionNode = FALSE
	EndGlobalSection
	GlobalSection(ExtensibilityGlobals) = postSolution
		SolutionGuid = {E0BDA898-D970-41F4-B391-20F6E10A6EB9}
	EndGlobalSection
EndGlobal
