
Microsoft Visual Studio Solution File, Format Version 12.00
# Visual Studio Version 17
VisualStudioVersion = 17.7.34031.279
MinimumVisualStudioVersion = 10.0.40219.1
Project("{FAE04EC0-301F-11D3-BF4B-00C04F79EFBC}") = "HW2", "HW2\HW2.csproj", "{8894E2C4-0D9B-43FF-B254-4D0A49E0A8F3}"
EndProject
Global
	GlobalSection(SolutionConfigurationPlatforms) = preSolution
		Debug|Any CPU = Debug|Any CPU
		Release|Any CPU = Release|Any CPU
	EndGlobalSection
	GlobalSection(ProjectConfigurationPlatforms) = postSolution
		{8894E2C4-0D9B-43FF-B254-4D0A49E0A8F3}.Debug|Any CPU.ActiveCfg = Debug|Any CPU
		{8894E2C4-0D9B-43FF-B254-4D0A49E0A8F3}.Debug|Any CPU.Build.0 = Debug|Any CPU
		{8894E2C4-0D9B-43FF-B254-4D0A49E0A8F3}.Release|Any CPU.ActiveCfg = Release|Any CPU
		{8894E2C4-0D9B-43FF-B254-4D0A49E0A8F3}.Release|Any CPU.Build.0 = Release|Any CPU
	EndGlobalSection
	GlobalSection(SolutionProperties) = preSolution
		HideSolutionNode = FALSE
	EndGlobalSection
	GlobalSection(ExtensibilityGlobals) = postSolution
		SolutionGuid = {BE149364-A027-4EF4-9EE1-423E458A6A6B}
	EndGlobalSection
EndGlobal
