
Microsoft Visual Studio Solution File, Format Version 12.00
# Visual Studio Version 17
VisualStudioVersion = 17.7.34031.279
MinimumVisualStudioVersion = 10.0.40219.1
Project("{FAE04EC0-301F-11D3-BF4B-00C04F79EFBC}") = "HW3_4", "HW3_4\HW3_4.csproj", "{32A38D27-3BF4-49ED-A066-0D5C9906D2EF}"
EndProject
Global
	GlobalSection(SolutionConfigurationPlatforms) = preSolution
		Debug|Any CPU = Debug|Any CPU
		Release|Any CPU = Release|Any CPU
	EndGlobalSection
	GlobalSection(ProjectConfigurationPlatforms) = postSolution
		{32A38D27-3BF4-49ED-A066-0D5C9906D2EF}.Debug|Any CPU.ActiveCfg = Debug|Any CPU
		{32A38D27-3BF4-49ED-A066-0D5C9906D2EF}.Debug|Any CPU.Build.0 = Debug|Any CPU
		{32A38D27-3BF4-49ED-A066-0D5C9906D2EF}.Release|Any CPU.ActiveCfg = Release|Any CPU
		{32A38D27-3BF4-49ED-A066-0D5C9906D2EF}.Release|Any CPU.Build.0 = Release|Any CPU
	EndGlobalSection
	GlobalSection(SolutionProperties) = preSolution
		HideSolutionNode = FALSE
	EndGlobalSection
	GlobalSection(ExtensibilityGlobals) = postSolution
		SolutionGuid = {1B550B00-8552-4F00-90B9-6EC3D54C3813}
	EndGlobalSection
EndGlobal
