
Microsoft Visual Studio Solution File, Format Version 12.00
# Visual Studio Version 17
VisualStudioVersion = 17.7.34031.279
MinimumVisualStudioVersion = 10.0.40219.1
Project("{FAE04EC0-301F-11D3-BF4B-00C04F79EFBC}") = "HW3_1", "HW3_1\HW3_1.csproj", "{B35706CB-E51F-4819-92B9-4DD0CAD07394}"
EndProject
Global
	GlobalSection(SolutionConfigurationPlatforms) = preSolution
		Debug|Any CPU = Debug|Any CPU
		Release|Any CPU = Release|Any CPU
	EndGlobalSection
	GlobalSection(ProjectConfigurationPlatforms) = postSolution
		{B35706CB-E51F-4819-92B9-4DD0CAD07394}.Debug|Any CPU.ActiveCfg = Debug|Any CPU
		{B35706CB-E51F-4819-92B9-4DD0CAD07394}.Debug|Any CPU.Build.0 = Debug|Any CPU
		{B35706CB-E51F-4819-92B9-4DD0CAD07394}.Release|Any CPU.ActiveCfg = Release|Any CPU
		{B35706CB-E51F-4819-92B9-4DD0CAD07394}.Release|Any CPU.Build.0 = Release|Any CPU
	EndGlobalSection
	GlobalSection(SolutionProperties) = preSolution
		HideSolutionNode = FALSE
	EndGlobalSection
	GlobalSection(ExtensibilityGlobals) = postSolution
		SolutionGuid = {711FBB9A-0C56-4BA9-A3D3-0E0305350212}
	EndGlobalSection
EndGlobal
